Microsoft Visual Studio Solution File, Format Version 12.00
# Visual Studio Version 17
VisualStudioVersion = 17.5.2.0
MinimumVisualStudioVersion = 10.0.40219.1
Project("{FAE04EC0-301F-11D3-BF4B-00C04F79EFBC}") = "TodoAI.Web", "TodoAI.Web.csproj", "{151F9FBC-9315-A246-7DB7-97507484F21C}"
EndProject
Global
	GlobalSection(SolutionConfigurationPlatforms) = preSolution
		Debug|Any CPU = Debug|Any CPU
		Release|Any CPU = Release|Any CPU
	EndGlobalSection
	GlobalSection(ProjectConfigurationPlatforms) = postSolution
		{151F9FBC-9315-A246-7DB7-97507484F21C}.Debug|Any CPU.ActiveCfg = Debug|Any CPU
		{151F9FBC-9315-A246-7DB7-97507484F21C}.Debug|Any CPU.Build.0 = Debug|Any CPU
		{151F9FBC-9315-A246-7DB7-97507484F21C}.Release|Any CPU.ActiveCfg = Release|Any CPU
		{151F9FBC-9315-A246-7DB7-97507484F21C}.Release|Any CPU.Build.0 = Release|Any CPU
	EndGlobalSection
	GlobalSection(SolutionProperties) = preSolution
		HideSolutionNode = FALSE
	EndGlobalSection
	GlobalSection(ExtensibilityGlobals) = postSolution
		SolutionGuid = {13FBF989-C3D3-48F4-991F-1058660D2BCD}
	EndGlobalSection
EndGlobal
